
Microsoft Visual Studio Solution File, Format Version 12.00
# Visual Studio 15
VisualStudioVersion = 15.0.28307.106
MinimumVisualStudioVersion = 10.0.40219.1
Project("{FAE04EC0-301F-11D3-BF4B-00C04F79EFBC}") = "XFRepeaterView.Android", "XFRepeaterView\XFRepeaterView.Android\XFRepeaterView.Android.csproj", "{A2E008A4-4B5E-4D17-9B06-C41675DC5A22}"
EndProject
Project("{FAE04EC0-301F-11D3-BF4B-00C04F79EFBC}") = "XFRepeaterView.iOS", "XFRepeaterView\XFRepeaterView.iOS\XFRepeaterView.iOS.csproj", "{F9CE75B8-0F9C-4338-BC60-FE46F9CDC809}"
EndProject
Project("{FAE04EC0-301F-11D3-BF4B-00C04F79EFBC}") = "XFRepeaterView.UWP", "XFRepeaterView\XFRepeaterView.UWP\XFRepeaterView.UWP.csproj", "{AF8B06A4-6679-4DCF-B42A-DF7B22AD35DB}"
EndProject
Project("{FAE04EC0-301F-11D3-BF4B-00C04F79EFBC}") = "XFRepeaterView", "XFRepeaterView\XFRepeaterView\XFRepeaterView.csproj", "{0F2FD704-73F3-42E0-B79E-4E392741E882}"
EndProject
Global
	GlobalSection(SolutionConfigurationPlatforms) = preSolution
		Ad-Hoc|Any CPU = Ad-Hoc|Any CPU
		Ad-Hoc|ARM = Ad-Hoc|ARM
		Ad-Hoc|iPhone = Ad-Hoc|iPhone
		Ad-Hoc|iPhoneSimulator = Ad-Hoc|iPhoneSimulator
		Ad-Hoc|x64 = Ad-Hoc|x64
		Ad-Hoc|x86 = Ad-Hoc|x86
		AppStore|Any CPU = AppStore|Any CPU
		AppStore|ARM = AppStore|ARM
		AppStore|iPhone = AppStore|iPhone
		AppStore|iPhoneSimulator = AppStore|iPhoneSimulator
		AppStore|x64 = AppStore|x64
		AppStore|x86 = AppStore|x86
		Debug|Any CPU = Debug|Any CPU
		Debug|ARM = Debug|ARM
		Debug|iPhone = Debug|iPhone
		Debug|iPhoneSimulator = Debug|iPhoneSimulator
		Debug|x64 = Debug|x64
		Debug|x86 = Debug|x86
		Release|Any CPU = Release|Any CPU
		Release|ARM = Release|ARM
		Release|iPhone = Release|iPhone
		Release|iPhoneSimulator = Release|iPhoneSimulator
		Release|x64 = Release|x64
		Release|x86 = Release|x86
	EndGlobalSection
	GlobalSection(ProjectConfigurationPlatforms) = postSolution
		{A2E008A4-4B5E-4D17-9B06-C41675DC5A22}.Ad-Hoc|Any CPU.ActiveCfg = Release|Any CPU
		{A2E008A4-4B5E-4D17-9B06-C41675DC5A22}.Ad-Hoc|Any CPU.Build.0 = Release|Any CPU
		{A2E008A4-4B5E-4D17-9B06-C41675DC5A22}.Ad-Hoc|Any CPU.Deploy.0 = Release|Any CPU
		{A2E008A4-4B5E-4D17-9B06-C41675DC5A22}.Ad-Hoc|ARM.ActiveCfg = Release|Any CPU
		{A2E008A4-4B5E-4D17-9B06-C41675DC5A22}.Ad-Hoc|ARM.Build.0 = Release|Any CPU
		{A2E008A4-4B5E-4D17-9B06-C41675DC5A22}.Ad-Hoc|ARM.Deploy.0 = Release|Any CPU
		{A2E008A4-4B5E-4D17-9B06-C41675DC5A22}.Ad-Hoc|iPhone.ActiveCfg = Release|Any CPU
		{A2E008A4-4B5E-4D17-9B06-C41675DC5A22}.Ad-Hoc|iPhone.Build.0 = Release|Any CPU
		{A2E008A4-4B5E-4D17-9B06-C41675DC5A22}.Ad-Hoc|iPhone.Deploy.0 = Release|Any CPU
		{A2E008A4-4B5E-4D17-9B06-C41675DC5A22}.Ad-Hoc|iPhoneSimulator.ActiveCfg = Release|Any CPU
		{A2E008A4-4B5E-4D17-9B06-C41675DC5A22}.Ad-Hoc|iPhoneSimulator.Build.0 = Release|Any CPU
		{A2E008A4-4B5E-4D17-9B06-C41675DC5A22}.Ad-Hoc|iPhoneSimulator.Deploy.0 = Release|Any CPU
		{A2E008A4-4B5E-4D17-9B06-C41675DC5A22}.Ad-Hoc|x64.ActiveCfg = Release|Any CPU
		{A2E008A4-4B5E-4D17-9B06-C41675DC5A22}.Ad-Hoc|x64.Build.0 = Release|Any CPU
		{A2E008A4-4B5E-4D17-9B06-C41675DC5A22}.Ad-Hoc|x64.Deploy.0 = Release|Any CPU
		{A2E008A4-4B5E-4D17-9B06-C41675DC5A22}.Ad-Hoc|x86.ActiveCfg = Release|Any CPU
		{A2E008A4-4B5E-4D17-9B06-C41675DC5A22}.Ad-Hoc|x86.Build.0 = Release|Any CPU
		{A2E008A4-4B5E-4D17-9B06-C41675DC5A22}.Ad-Hoc|x86.Deploy.0 = Release|Any CPU
		{A2E008A4-4B5E-4D17-9B06-C41675DC5A22}.AppStore|Any CPU.ActiveCfg = Release|Any CPU
		{A2E008A4-4B5E-4D17-9B06-C41675DC5A22}.AppStore|Any CPU.Build.0 = Release|Any CPU
		{A2E008A4-4B5E-4D17-9B06-C41675DC5A22}.AppStore|Any CPU.Deploy.0 = Release|Any CPU
		{A2E008A4-4B5E-4D17-9B06-C41675DC5A22}.AppStore|ARM.ActiveCfg = Release|Any CPU
		{A2E008A4-4B5E-4D17-9B06-C41675DC5A22}.AppStore|ARM.Build.0 = Release|Any CPU
		{A2E008A4-4B5E-4D17-9B06-C41675DC5A22}.AppStore|ARM.Deploy.0 = Release|Any CPU
		{A2E008A4-4B5E-4D17-9B06-C41675DC5A22}.AppStore|iPhone.ActiveCfg = Release|Any CPU
		{A2E008A4-4B5E-4D17-9B06-C41675DC5A22}.AppStore|iPhone.Build.0 = Release|Any CPU
		{A2E008A4-4B5E-4D17-9B06-C41675DC5A22}.AppStore|iPhone.Deploy.0 = Release|Any CPU
		{A2E008A4-4B5E-4D17-9B06-C41675DC5A22}.AppStore|iPhoneSimulator.ActiveCfg = Release|Any CPU
		{A2E008A4-4B5E-4D17-9B06-C41675DC5A22}.AppStore|iPhoneSimulator.Build.0 = Release|Any CPU
		{A2E008A4-4B5E-4D17-9B06-C41675DC5A22}.AppStore|iPhoneSimulator.Deploy.0 = Release|Any CPU
		{A2E008A4-4B5E-4D17-9B06-C41675DC5A22}.AppStore|x64.ActiveCfg = Release|Any CPU
		{A2E008A4-4B5E-4D17-9B06-C41675DC5A22}.AppStore|x64.Build.0 = Release|Any CPU
		{A2E008A4-4B5E-4D17-9B06-C41675DC5A22}.AppStore|x64.Deploy.0 = Release|Any CPU
		{A2E008A4-4B5E-4D17-9B06-C41675DC5A22}.AppStore|x86.ActiveCfg = Release|Any CPU
		{A2E008A4-4B5E-4D17-9B06-C41675DC5A22}.AppStore|x86.Build.0 = Release|Any CPU
		{A2E008A4-4B5E-4D17-9B06-C41675DC5A22}.AppStore|x86.Deploy.0 = Release|Any CPU
		{A2E008A4-4B5E-4D17-9B06-C41675DC5A22}.Debug|Any CPU.ActiveCfg = Debug|Any CPU
		{A2E008A4-4B5E-4D17-9B06-C41675DC5A22}.Debug|Any CPU.Build.0 = Debug|Any CPU
		{A2E008A4-4B5E-4D17-9B06-C41675DC5A22}.Debug|Any CPU.Deploy.0 = Debug|Any CPU
		{A2E008A4-4B5E-4D17-9B06-C41675DC5A22}.Debug|ARM.ActiveCfg = Debug|Any CPU
		{A2E008A4-4B5E-4D17-9B06-C41675DC5A22}.Debug|ARM.Build.0 = Debug|Any CPU
		{A2E008A4-4B5E-4D17-9B06-C41675DC5A22}.Debug|ARM.Deploy.0 = Debug|Any CPU
		{A2E008A4-4B5E-4D17-9B06-C41675DC5A22}.Debug|iPhone.ActiveCfg = Debug|Any CPU
		{A2E008A4-4B5E-4D17-9B06-C41675DC5A22}.Debug|iPhone.Build.0 = Debug|Any CPU
		{A2E008A4-4B5E-4D17-9B06-C41675DC5A22}.Debug|iPhone.Deploy.0 = Debug|Any CPU
		{A2E008A4-4B5E-4D17-9B06-C41675DC5A22}.Debug|iPhoneSimulator.ActiveCfg = Debug|Any CPU
		{A2E008A4-4B5E-4D17-9B06-C41675DC5A22}.Debug|iPhoneSimulator.Build.0 = Debug|Any CPU
		{A2E008A4-4B5E-4D17-9B06-C41675DC5A22}.Debug|iPhoneSimulator.Deploy.0 = Debug|Any CPU
		{A2E008A4-4B5E-4D17-9B06-C41675DC5A22}.Debug|x64.ActiveCfg = Debug|Any CPU
		{A2E008A4-4B5E-4D17-9B06-C41675DC5A22}.Debug|x64.Build.0 = Debug|Any CPU
		{A2E008A4-4B5E-4D17-9B06-C41675DC5A22}.Debug|x64.Deploy.0 = Debug|Any CPU
		{A2E008A4-4B5E-4D17-9B06-C41675DC5A22}.Debug|x86.ActiveCfg = Debug|Any CPU
		{A2E008A4-4B5E-4D17-9B06-C41675DC5A22}.Debug|x86.Build.0 = Debug|Any CPU
		{A2E008A4-4B5E-4D17-9B06-C41675DC5A22}.Debug|x86.Deploy.0 = Debug|Any CPU
		{A2E008A4-4B5E-4D17-9B06-C41675DC5A22}.Release|Any CPU.ActiveCfg = Release|Any CPU
		{A2E008A4-4B5E-4D17-9B06-C41675DC5A22}.Release|Any CPU.Build.0 = Release|Any CPU
		{A2E008A4-4B5E-4D17-9B06-C41675DC5A22}.Release|Any CPU.Deploy.0 = Release|Any CPU
		{A2E008A4-4B5E-4D17-9B06-C41675DC5A22}.Release|ARM.ActiveCfg = Release|Any CPU
		{A2E008A4-4B5E-4D17-9B06-C41675DC5A22}.Release|ARM.Build.0 = Release|Any CPU
		{A2E008A4-4B5E-4D17-9B06-C41675DC5A22}.Release|ARM.Deploy.0 = Release|Any CPU
		{A2E008A4-4B5E-4D17-9B06-C41675DC5A22}.Release|iPhone.ActiveCfg = Release|Any CPU
		{A2E008A4-4B5E-4D17-9B06-C41675DC5A22}.Release|iPhone.Build.0 = Release|Any CPU
		{A2E008A4-4B5E-4D17-9B06-C41675DC5A22}.Release|iPhone.Deploy.0 = Release|Any CPU
		{A2E008A4-4B5E-4D17-9B06-C41675DC5A22}.Release|iPhoneSimulator.ActiveCfg = Release|Any CPU
		{A2E008A4-4B5E-4D17-9B06-C41675DC5A22}.Release|iPhoneSimulator.Build.0 = Release|Any CPU
		{A2E008A4-4B5E-4D17-9B06-C41675DC5A22}.Release|iPhoneSimulator.Deploy.0 = Release|Any CPU
		{A2E008A4-4B5E-4D17-9B06-C41675DC5A22}.Release|x64.ActiveCfg = Release|Any CPU
		{A2E008A4-4B5E-4D17-9B06-C41675DC5A22}.Release|x64.Build.0 = Release|Any CPU
		{A2E008A4-4B5E-4D17-9B06-C41675DC5A22}.Release|x64.Deploy.0 = Release|Any CPU
		{A2E008A4-4B5E-4D17-9B06-C41675DC5A22}.Release|x86.ActiveCfg = Release|Any CPU
		{A2E008A4-4B5E-4D17-9B06-C41675DC5A22}.Release|x86.Build.0 = Release|Any CPU
		{A2E008A4-4B5E-4D17-9B06-C41675DC5A22}.Release|x86.Deploy.0 = Release|Any CPU
		{F9CE75B8-0F9C-4338-BC60-FE46F9CDC809}.Ad-Hoc|Any CPU.ActiveCfg = Ad-Hoc|iPhone
		{F9CE75B8-0F9C-4338-BC60-FE46F9CDC809}.Ad-Hoc|Any CPU.Build.0 = Ad-Hoc|iPhone
		{F9CE75B8-0F9C-4338-BC60-FE46F9CDC809}.Ad-Hoc|Any CPU.Deploy.0 = Ad-Hoc|iPhone
		{F9CE75B8-0F9C-4338-BC60-FE46F9CDC809}.Ad-Hoc|ARM.ActiveCfg = Ad-Hoc|iPhone
		{F9CE75B8-0F9C-4338-BC60-FE46F9CDC809}.Ad-Hoc|ARM.Build.0 = Ad-Hoc|iPhone
		{F9CE75B8-0F9C-4338-BC60-FE46F9CDC809}.Ad-Hoc|ARM.Deploy.0 = Ad-Hoc|iPhone
		{F9CE75B8-0F9C-4338-BC60-FE46F9CDC809}.Ad-Hoc|iPhone.ActiveCfg = Ad-Hoc|iPhone
		{F9CE75B8-0F9C-4338-BC60-FE46F9CDC809}.Ad-Hoc|iPhone.Build.0 = Ad-Hoc|iPhone
		{F9CE75B8-0F9C-4338-BC60-FE46F9CDC809}.Ad-Hoc|iPhone.Deploy.0 = Ad-Hoc|iPhone
		{F9CE75B8-0F9C-4338-BC60-FE46F9CDC809}.Ad-Hoc|iPhoneSimulator.ActiveCfg = Ad-Hoc|iPhoneSimulator
		{F9CE75B8-0F9C-4338-BC60-FE46F9CDC809}.Ad-Hoc|iPhoneSimulator.Build.0 = Ad-Hoc|iPhoneSimulator
		{F9CE75B8-0F9C-4338-BC60-FE46F9CDC809}.Ad-Hoc|iPhoneSimulator.Deploy.0 = Ad-Hoc|iPhoneSimulator
		{F9CE75B8-0F9C-4338-BC60-FE46F9CDC809}.Ad-Hoc|x64.ActiveCfg = Ad-Hoc|iPhone
		{F9CE75B8-0F9C-4338-BC60-FE46F9CDC809}.Ad-Hoc|x64.Build.0 = Ad-Hoc|iPhone
		{F9CE75B8-0F9C-4338-BC60-FE46F9CDC809}.Ad-Hoc|x64.Deploy.0 = Ad-Hoc|iPhone
		{F9CE75B8-0F9C-4338-BC60-FE46F9CDC809}.Ad-Hoc|x86.ActiveCfg = Ad-Hoc|iPhone
		{F9CE75B8-0F9C-4338-BC60-FE46F9CDC809}.Ad-Hoc|x86.Build.0 = Ad-Hoc|iPhone
		{F9CE75B8-0F9C-4338-BC60-FE46F9CDC809}.Ad-Hoc|x86.Deploy.0 = Ad-Hoc|iPhone
		{F9CE75B8-0F9C-4338-BC60-FE46F9CDC809}.AppStore|Any CPU.ActiveCfg = AppStore|iPhone
		{F9CE75B8-0F9C-4338-BC60-FE46F9CDC809}.AppStore|Any CPU.Build.0 = AppStore|iPhone
		{F9CE75B8-0F9C-4338-BC60-FE46F9CDC809}.AppStore|Any CPU.Deploy.0 = AppStore|iPhone
		{F9CE75B8-0F9C-4338-BC60-FE46F9CDC809}.AppStore|ARM.ActiveCfg = AppStore|iPhone
		{F9CE75B8-0F9C-4338-BC60-FE46F9CDC809}.AppStore|ARM.Build.0 = AppStore|iPhone
		{F9CE75B8-0F9C-4338-BC60-FE46F9CDC809}.AppStore|ARM.Deploy.0 = AppStore|iPhone
		{F9CE75B8-0F9C-4338-BC60-FE46F9CDC809}.AppStore|iPhone.ActiveCfg = AppStore|iPhone
		{F9CE75B8-0F9C-4338-BC60-FE46F9CDC809}.AppStore|iPhone.Build.0 = AppStore|iPhone
		{F9CE75B8-0F9C-4338-BC60-FE46F9CDC809}.AppStore|iPhone.Deploy.0 = AppStore|iPhone
		{F9CE75B8-0F9C-4338-BC60-FE46F9CDC809}.AppStore|iPhoneSimulator.ActiveCfg = AppStore|iPhoneSimulator
		{F9CE75B8-0F9C-4338-BC60-FE46F9CDC809}.AppStore|iPhoneSimulator.Build.0 = AppStore|iPhoneSimulator
		{F9CE75B8-0F9C-4338-BC60-FE46F9CDC809}.AppStore|iPhoneSimulator.Deploy.0 = AppStore|iPhoneSimulator
		{F9CE75B8-0F9C-4338-BC60-FE46F9CDC809}.AppStore|x64.ActiveCfg = AppStore|iPhone
		{F9CE75B8-0F9C-4338-BC60-FE46F9CDC809}.AppStore|x64.Build.0 = AppStore|iPhone
		{F9CE75B8-0F9C-4338-BC60-FE46F9CDC809}.AppStore|x64.Deploy.0 = AppStore|iPhone
		{F9CE75B8-0F9C-4338-BC60-FE46F9CDC809}.AppStore|x86.ActiveCfg = AppStore|iPhone
		{F9CE75B8-0F9C-4338-BC60-FE46F9CDC809}.AppStore|x86.Build.0 = AppStore|iPhone
		{F9CE75B8-0F9C-4338-BC60-FE46F9CDC809}.AppStore|x86.Deploy.0 = AppStore|iPhone
		{F9CE75B8-0F9C-4338-BC60-FE46F9CDC809}.Debug|Any CPU.ActiveCfg = Debug|iPhoneSimulator
		{F9CE75B8-0F9C-4338-BC60-FE46F9CDC809}.Debug|Any CPU.Build.0 = Debug|iPhoneSimulator
		{F9CE75B8-0F9C-4338-BC60-FE46F9CDC809}.Debug|Any CPU.Deploy.0 = Debug|iPhoneSimulator
		{F9CE75B8-0F9C-4338-BC60-FE46F9CDC809}.Debug|ARM.ActiveCfg = Debug|iPhone
		{F9CE75B8-0F9C-4338-BC60-FE46F9CDC809}.Debug|ARM.Build.0 = Debug|iPhone
		{F9CE75B8-0F9C-4338-BC60-FE46F9CDC809}.Debug|ARM.Deploy.0 = Debug|iPhone
		{F9CE75B8-0F9C-4338-BC60-FE46F9CDC809}.Debug|iPhone.ActiveCfg = Debug|iPhone
		{F9CE75B8-0F9C-4338-BC60-FE46F9CDC809}.Debug|iPhone.Build.0 = Debug|iPhone
		{F9CE75B8-0F9C-4338-BC60-FE46F9CDC809}.Debug|iPhone.Deploy.0 = Debug|iPhone
		{F9CE75B8-0F9C-4338-BC60-FE46F9CDC809}.Debug|iPhoneSimulator.ActiveCfg = Debug|iPhoneSimulator
		{F9CE75B8-0F9C-4338-BC60-FE46F9CDC809}.Debug|iPhoneSimulator.Build.0 = Debug|iPhoneSimulator
		{F9CE75B8-0F9C-4338-BC60-FE46F9CDC809}.Debug|iPhoneSimulator.Deploy.0 = Debug|iPhoneSimulator
		{F9CE75B8-0F9C-4338-BC60-FE46F9CDC809}.Debug|x64.ActiveCfg = Debug|iPhone
		{F9CE75B8-0F9C-4338-BC60-FE46F9CDC809}.Debug|x64.Build.0 = Debug|iPhone
		{F9CE75B8-0F9C-4338-BC60-FE46F9CDC809}.Debug|x64.Deploy.0 = Debug|iPhone
		{F9CE75B8-0F9C-4338-BC60-FE46F9CDC809}.Debug|x86.ActiveCfg = Debug|iPhone
		{F9CE75B8-0F9C-4338-BC60-FE46F9CDC809}.Debug|x86.Build.0 = Debug|iPhone
		{F9CE75B8-0F9C-4338-BC60-FE46F9CDC809}.Debug|x86.Deploy.0 = Debug|iPhone
		{F9CE75B8-0F9C-4338-BC60-FE46F9CDC809}.Release|Any CPU.ActiveCfg = Release|iPhone
		{F9CE75B8-0F9C-4338-BC60-FE46F9CDC809}.Release|Any CPU.Build.0 = Release|iPhone
		{F9CE75B8-0F9C-4338-BC60-FE46F9CDC809}.Release|Any CPU.Deploy.0 = Release|iPhone
		{F9CE75B8-0F9C-4338-BC60-FE46F9CDC809}.Release|ARM.ActiveCfg = Release|iPhone
		{F9CE75B8-0F9C-4338-BC60-FE46F9CDC809}.Release|ARM.Build.0 = Release|iPhone
		{F9CE75B8-0F9C-4338-BC60-FE46F9CDC809}.Release|ARM.Deploy.0 = Release|iPhone
		{F9CE75B8-0F9C-4338-BC60-FE46F9CDC809}.Release|iPhone.ActiveCfg = Release|iPhone
		{F9CE75B8-0F9C-4338-BC60-FE46F9CDC809}.Release|iPhone.Build.0 = Release|iPhone
		{F9CE75B8-0F9C-4338-BC60-FE46F9CDC809}.Release|iPhone.Deploy.0 = Release|iPhone
		{F9CE75B8-0F9C-4338-BC60-FE46F9CDC809}.Release|iPhoneSimulator.ActiveCfg = Release|iPhoneSimulator
		{F9CE75B8-0F9C-4338-BC60-FE46F9CDC809}.Release|iPhoneSimulator.Build.0 = Release|iPhoneSimulator
		{F9CE75B8-0F9C-4338-BC60-FE46F9CDC809}.Release|iPhoneSimulator.Deploy.0 = Release|iPhoneSimulator
		{F9CE75B8-0F9C-4338-BC60-FE46F9CDC809}.Release|x64.ActiveCfg = Release|iPhone
		{F9CE75B8-0F9C-4338-BC60-FE46F9CDC809}.Release|x64.Build.0 = Release|iPhone
		{F9CE75B8-0F9C-4338-BC60-FE46F9CDC809}.Release|x64.Deploy.0 = Release|iPhone
		{F9CE75B8-0F9C-4338-BC60-FE46F9CDC809}.Release|x86.ActiveCfg = Release|iPhone
		{F9CE75B8-0F9C-4338-BC60-FE46F9CDC809}.Release|x86.Build.0 = Release|iPhone
		{F9CE75B8-0F9C-4338-BC60-FE46F9CDC809}.Release|x86.Deploy.0 = Release|iPhone
		{AF8B06A4-6679-4DCF-B42A-DF7B22AD35DB}.Ad-Hoc|Any CPU.ActiveCfg = Release|x86
		{AF8B06A4-6679-4DCF-B42A-DF7B22AD35DB}.Ad-Hoc|Any CPU.Build.0 = Release|x86
		{AF8B06A4-6679-4DCF-B42A-DF7B22AD35DB}.Ad-Hoc|Any CPU.Deploy.0 = Release|x86
		{AF8B06A4-6679-4DCF-B42A-DF7B22AD35DB}.Ad-Hoc|ARM.ActiveCfg = Release|ARM
		{AF8B06A4-6679-4DCF-B42A-DF7B22AD35DB}.Ad-Hoc|ARM.Build.0 = Release|ARM
		{AF8B06A4-6679-4DCF-B42A-DF7B22AD35DB}.Ad-Hoc|ARM.Deploy.0 = Release|ARM
		{AF8B06A4-6679-4DCF-B42A-DF7B22AD35DB}.Ad-Hoc|iPhone.ActiveCfg = Release|x86
		{AF8B06A4-6679-4DCF-B42A-DF7B22AD35DB}.Ad-Hoc|iPhone.Build.0 = Release|x86
		{AF8B06A4-6679-4DCF-B42A-DF7B22AD35DB}.Ad-Hoc|iPhone.Deploy.0 = Release|x86
		{AF8B06A4-6679-4DCF-B42A-DF7B22AD35DB}.Ad-Hoc|iPhoneSimulator.ActiveCfg = Release|x86
		{AF8B06A4-6679-4DCF-B42A-DF7B22AD35DB}.Ad-Hoc|iPhoneSimulator.Build.0 = Release|x86
		{AF8B06A4-6679-4DCF-B42A-DF7B22AD35DB}.Ad-Hoc|iPhoneSimulator.Deploy.0 = Release|x86
		{AF8B06A4-6679-4DCF-B42A-DF7B22AD35DB}.Ad-Hoc|x64.ActiveCfg = Release|x64
		{AF8B06A4-6679-4DCF-B42A-DF7B22AD35DB}.Ad-Hoc|x64.Build.0 = Release|x64
		{AF8B06A4-6679-4DCF-B42A-DF7B22AD35DB}.Ad-Hoc|x64.Deploy.0 = Release|x64
		{AF8B06A4-6679-4DCF-B42A-DF7B22AD35DB}.Ad-Hoc|x86.ActiveCfg = Release|x86
		{AF8B06A4-6679-4DCF-B42A-DF7B22AD35DB}.Ad-Hoc|x86.Build.0 = Release|x86
		{AF8B06A4-6679-4DCF-B42A-DF7B22AD35DB}.Ad-Hoc|x86.Deploy.0 = Release|x86
		{AF8B06A4-6679-4DCF-B42A-DF7B22AD35DB}.AppStore|Any CPU.ActiveCfg = Release|x86
		{AF8B06A4-6679-4DCF-B42A-DF7B22AD35DB}.AppStore|Any CPU.Build.0 = Release|x86
		{AF8B06A4-6679-4DCF-B42A-DF7B22AD35DB}.AppStore|Any CPU.Deploy.0 = Release|x86
		{AF8B06A4-6679-4DCF-B42A-DF7B22AD35DB}.AppStore|ARM.ActiveCfg = Release|ARM
		{AF8B06A4-6679-4DCF-B42A-DF7B22AD35DB}.AppStore|ARM.Build.0 = Release|ARM
		{AF8B06A4-6679-4DCF-B42A-DF7B22AD35DB}.AppStore|ARM.Deploy.0 = Release|ARM
		{AF8B06A4-6679-4DCF-B42A-DF7B22AD35DB}.AppStore|iPhone.ActiveCfg = Release|x86
		{AF8B06A4-6679-4DCF-B42A-DF7B22AD35DB}.AppStore|iPhone.Build.0 = Release|x86
		{AF8B06A4-6679-4DCF-B42A-DF7B22AD35DB}.AppStore|iPhone.Deploy.0 = Release|x86
		{AF8B06A4-6679-4DCF-B42A-DF7B22AD35DB}.AppStore|iPhoneSimulator.ActiveCfg = Release|x86
		{AF8B06A4-6679-4DCF-B42A-DF7B22AD35DB}.AppStore|iPhoneSimulator.Build.0 = Release|x86
		{AF8B06A4-6679-4DCF-B42A-DF7B22AD35DB}.AppStore|iPhoneSimulator.Deploy.0 = Release|x86
		{AF8B06A4-6679-4DCF-B42A-DF7B22AD35DB}.AppStore|x64.ActiveCfg = Release|x64
		{AF8B06A4-6679-4DCF-B42A-DF7B22AD35DB}.AppStore|x64.Build.0 = Release|x64
		{AF8B06A4-6679-4DCF-B42A-DF7B22AD35DB}.AppStore|x64.Deploy.0 = Release|x64
		{AF8B06A4-6679-4DCF-B42A-DF7B22AD35DB}.AppStore|x86.ActiveCfg = Release|x86
		{AF8B06A4-6679-4DCF-B42A-DF7B22AD35DB}.AppStore|x86.Build.0 = Release|x86
		{AF8B06A4-6679-4DCF-B42A-DF7B22AD35DB}.AppStore|x86.Deploy.0 = Release|x86
		{AF8B06A4-6679-4DCF-B42A-DF7B22AD35DB}.Debug|Any CPU.ActiveCfg = Debug|x86
		{AF8B06A4-6679-4DCF-B42A-DF7B22AD35DB}.Debug|Any CPU.Build.0 = Debug|x86
		{AF8B06A4-6679-4DCF-B42A-DF7B22AD35DB}.Debug|Any CPU.Deploy.0 = Debug|x86
		{AF8B06A4-6679-4DCF-B42A-DF7B22AD35DB}.Debug|ARM.ActiveCfg = Debug|ARM
		{AF8B06A4-6679-4DCF-B42A-DF7B22AD35DB}.Debug|ARM.Build.0 = Debug|ARM
		{AF8B06A4-6679-4DCF-B42A-DF7B22AD35DB}.Debug|ARM.Deploy.0 = Debug|ARM
		{AF8B06A4-6679-4DCF-B42A-DF7B22AD35DB}.Debug|iPhone.ActiveCfg = Debug|x86
		{AF8B06A4-6679-4DCF-B42A-DF7B22AD35DB}.Debug|iPhone.Build.0 = Debug|x86
		{AF8B06A4-6679-4DCF-B42A-DF7B22AD35DB}.Debug|iPhone.Deploy.0 = Debug|x86
		{AF8B06A4-6679-4DCF-B42A-DF7B22AD35DB}.Debug|iPhoneSimulator.ActiveCfg = Debug|x86
		{AF8B06A4-6679-4DCF-B42A-DF7B22AD35DB}.Debug|iPhoneSimulator.Build.0 = Debug|x86
		{AF8B06A4-6679-4DCF-B42A-DF7B22AD35DB}.Debug|iPhoneSimulator.Deploy.0 = Debug|x86
		{AF8B06A4-6679-4DCF-B42A-DF7B22AD35DB}.Debug|x64.ActiveCfg = Debug|x64
		{AF8B06A4-6679-4DCF-B42A-DF7B22AD35DB}.Debug|x64.Build.0 = Debug|x64
		{AF8B06A4-6679-4DCF-B42A-DF7B22AD35DB}.Debug|x64.Deploy.0 = Debug|x64
		{AF8B06A4-6679-4DCF-B42A-DF7B22AD35DB}.Debug|x86.ActiveCfg = Debug|x86
		{AF8B06A4-6679-4DCF-B42A-DF7B22AD35DB}.Debug|x86.Build.0 = Debug|x86
		{AF8B06A4-6679-4DCF-B42A-DF7B22AD35DB}.Debug|x86.Deploy.0 = Debug|x86
		{AF8B06A4-6679-4DCF-B42A-DF7B22AD35DB}.Release|Any CPU.ActiveCfg = Release|x86
		{AF8B06A4-6679-4DCF-B42A-DF7B22AD35DB}.Release|Any CPU.Build.0 = Release|x86
		{AF8B06A4-6679-4DCF-B42A-DF7B22AD35DB}.Release|Any CPU.Deploy.0 = Release|x86
		{AF8B06A4-6679-4DCF-B42A-DF7B22AD35DB}.Release|ARM.ActiveCfg = Release|ARM
		{AF8B06A4-6679-4DCF-B42A-DF7B22AD35DB}.Release|ARM.Build.0 = Release|ARM
		{AF8B06A4-6679-4DCF-B42A-DF7B22AD35DB}.Release|ARM.Deploy.0 = Release|ARM
		{AF8B06A4-6679-4DCF-B42A-DF7B22AD35DB}.Release|iPhone.ActiveCfg = Release|x86
		{AF8B06A4-6679-4DCF-B42A-DF7B22AD35DB}.Release|iPhone.Build.0 = Release|x86
		{AF8B06A4-6679-4DCF-B42A-DF7B22AD35DB}.Release|iPhone.Deploy.0 = Release|x86
		{AF8B06A4-6679-4DCF-B42A-DF7B22AD35DB}.Release|iPhoneSimulator.ActiveCfg = Release|x86
		{AF8B06A4-6679-4DCF-B42A-DF7B22AD35DB}.Release|iPhoneSimulator.Build.0 = Release|x86
		{AF8B06A4-6679-4DCF-B42A-DF7B22AD35DB}.Release|iPhoneSimulator.Deploy.0 = Release|x86
		{AF8B06A4-6679-4DCF-B42A-DF7B22AD35DB}.Release|x64.ActiveCfg = Release|x64
		{AF8B06A4-6679-4DCF-B42A-DF7B22AD35DB}.Release|x64.Build.0 = Release|x64
		{AF8B06A4-6679-4DCF-B42A-DF7B22AD35DB}.Release|x64.Deploy.0 = Release|x64
		{AF8B06A4-6679-4DCF-B42A-DF7B22AD35DB}.Release|x86.ActiveCfg = Release|x86
		{AF8B06A4-6679-4DCF-B42A-DF7B22AD35DB}.Release|x86.Build.0 = Release|x86
		{AF8B06A4-6679-4DCF-B42A-DF7B22AD35DB}.Release|x86.Deploy.0 = Release|x86
		{0F2FD704-73F3-42E0-B79E-4E392741E882}.Ad-Hoc|Any CPU.ActiveCfg = Debug|Any CPU
		{0F2FD704-73F3-42E0-B79E-4E392741E882}.Ad-Hoc|Any CPU.Build.0 = Debug|Any CPU
		{0F2FD704-73F3-42E0-B79E-4E392741E882}.Ad-Hoc|Any CPU.Deploy.0 = Debug|Any CPU
		{0F2FD704-73F3-42E0-B79E-4E392741E882}.Ad-Hoc|ARM.ActiveCfg = Debug|Any CPU
		{0F2FD704-73F3-42E0-B79E-4E392741E882}.Ad-Hoc|ARM.Build.0 = Debug|Any CPU
		{0F2FD704-73F3-42E0-B79E-4E392741E882}.Ad-Hoc|ARM.Deploy.0 = Debug|Any CPU
		{0F2FD704-73F3-42E0-B79E-4E392741E882}.Ad-Hoc|iPhone.ActiveCfg = Debug|Any CPU
		{0F2FD704-73F3-42E0-B79E-4E392741E882}.Ad-Hoc|iPhone.Build.0 = Debug|Any CPU
		{0F2FD704-73F3-42E0-B79E-4E392741E882}.Ad-Hoc|iPhone.Deploy.0 = Debug|Any CPU
		{0F2FD704-73F3-42E0-B79E-4E392741E882}.Ad-Hoc|iPhoneSimulator.ActiveCfg = Debug|Any CPU
		{0F2FD704-73F3-42E0-B79E-4E392741E882}.Ad-Hoc|iPhoneSimulator.Build.0 = Debug|Any CPU
		{0F2FD704-73F3-42E0-B79E-4E392741E882}.Ad-Hoc|iPhoneSimulator.Deploy.0 = Debug|Any CPU
		{0F2FD704-73F3-42E0-B79E-4E392741E882}.Ad-Hoc|x64.ActiveCfg = Debug|Any CPU
		{0F2FD704-73F3-42E0-B79E-4E392741E882}.Ad-Hoc|x64.Build.0 = Debug|Any CPU
		{0F2FD704-73F3-42E0-B79E-4E392741E882}.Ad-Hoc|x64.Deploy.0 = Debug|Any CPU
		{0F2FD704-73F3-42E0-B79E-4E392741E882}.Ad-Hoc|x86.ActiveCfg = Debug|Any CPU
		{0F2FD704-73F3-42E0-B79E-4E392741E882}.Ad-Hoc|x86.Build.0 = Debug|Any CPU
		{0F2FD704-73F3-42E0-B79E-4E392741E882}.Ad-Hoc|x86.Deploy.0 = Debug|Any CPU
		{0F2FD704-73F3-42E0-B79E-4E392741E882}.AppStore|Any CPU.ActiveCfg = Debug|Any CPU
		{0F2FD704-73F3-42E0-B79E-4E392741E882}.AppStore|Any CPU.Build.0 = Debug|Any CPU
		{0F2FD704-73F3-42E0-B79E-4E392741E882}.AppStore|Any CPU.Deploy.0 = Debug|Any CPU
		{0F2FD704-73F3-42E0-B79E-4E392741E882}.AppStore|ARM.ActiveCfg = Debug|Any CPU
		{0F2FD704-73F3-42E0-B79E-4E392741E882}.AppStore|ARM.Build.0 = Debug|Any CPU
		{0F2FD704-73F3-42E0-B79E-4E392741E882}.AppStore|ARM.Deploy.0 = Debug|Any CPU
		{0F2FD704-73F3-42E0-B79E-4E392741E882}.AppStore|iPhone.ActiveCfg = Debug|Any CPU
		{0F2FD704-73F3-42E0-B79E-4E392741E882}.AppStore|iPhone.Build.0 = Debug|Any CPU
		{0F2FD704-73F3-42E0-B79E-4E392741E882}.AppStore|iPhone.Deploy.0 = Debug|Any CPU
		{0F2FD704-73F3-42E0-B79E-4E392741E882}.AppStore|iPhoneSimulator.ActiveCfg = Debug|Any CPU
		{0F2FD704-73F3-42E0-B79E-4E392741E882}.AppStore|iPhoneSimulator.Build.0 = Debug|Any CPU
		{0F2FD704-73F3-42E0-B79E-4E392741E882}.AppStore|iPhoneSimulator.Deploy.0 = Debug|Any CPU
		{0F2FD704-73F3-42E0-B79E-4E392741E882}.AppStore|x64.ActiveCfg = Debug|Any CPU
		{0F2FD704-73F3-42E0-B79E-4E392741E882}.AppStore|x64.Build.0 = Debug|Any CPU
		{0F2FD704-73F3-42E0-B79E-4E392741E882}.AppStore|x64.Deploy.0 = Debug|Any CPU
		{0F2FD704-73F3-42E0-B79E-4E392741E882}.AppStore|x86.ActiveCfg = Debug|Any CPU
		{0F2FD704-73F3-42E0-B79E-4E392741E882}.AppStore|x86.Build.0 = Debug|Any CPU
		{0F2FD704-73F3-42E0-B79E-4E392741E882}.AppStore|x86.Deploy.0 = Debug|Any CPU
		{0F2FD704-73F3-42E0-B79E-4E392741E882}.Debug|Any CPU.ActiveCfg = Debug|Any CPU
		{0F2FD704-73F3-42E0-B79E-4E392741E882}.Debug|Any CPU.Build.0 = Debug|Any CPU
		{0F2FD704-73F3-42E0-B79E-4E392741E882}.Debug|Any CPU.Deploy.0 = Debug|Any CPU
		{0F2FD704-73F3-42E0-B79E-4E392741E882}.Debug|ARM.ActiveCfg = Debug|Any CPU
		{0F2FD704-73F3-42E0-B79E-4E392741E882}.Debug|ARM.Build.0 = Debug|Any CPU
		{0F2FD704-73F3-42E0-B79E-4E392741E882}.Debug|ARM.Deploy.0 = Debug|Any CPU
		{0F2FD704-73F3-42E0-B79E-4E392741E882}.Debug|iPhone.ActiveCfg = Debug|Any CPU
		{0F2FD704-73F3-42E0-B79E-4E392741E882}.Debug|iPhone.Build.0 = Debug|Any CPU
		{0F2FD704-73F3-42E0-B79E-4E392741E882}.Debug|iPhone.Deploy.0 = Debug|Any CPU
		{0F2FD704-73F3-42E0-B79E-4E392741E882}.Debug|iPhoneSimulator.ActiveCfg = Debug|Any CPU
		{0F2FD704-73F3-42E0-B79E-4E392741E882}.Debug|iPhoneSimulator.Build.0 = Debug|Any CPU
		{0F2FD704-73F3-42E0-B79E-4E392741E882}.Debug|iPhoneSimulator.Deploy.0 = Debug|Any CPU
		{0F2FD704-73F3-42E0-B79E-4E392741E882}.Debug|x64.ActiveCfg = Debug|Any CPU
		{0F2FD704-73F3-42E0-B79E-4E392741E882}.Debug|x64.Build.0 = Debug|Any CPU
		{0F2FD704-73F3-42E0-B79E-4E392741E882}.Debug|x64.Deploy.0 = Debug|Any CPU
		{0F2FD704-73F3-42E0-B79E-4E392741E882}.Debug|x86.ActiveCfg = Debug|Any CPU
		{0F2FD704-73F3-42E0-B79E-4E392741E882}.Debug|x86.Build.0 = Debug|Any CPU
		{0F2FD704-73F3-42E0-B79E-4E392741E882}.Debug|x86.Deploy.0 = Debug|Any CPU
		{0F2FD704-73F3-42E0-B79E-4E392741E882}.Release|Any CPU.ActiveCfg = Release|Any CPU
		{0F2FD704-73F3-42E0-B79E-4E392741E882}.Release|Any CPU.Build.0 = Release|Any CPU
		{0F2FD704-73F3-42E0-B79E-4E392741E882}.Release|Any CPU.Deploy.0 = Release|Any CPU
		{0F2FD704-73F3-42E0-B79E-4E392741E882}.Release|ARM.ActiveCfg = Release|Any CPU
		{0F2FD704-73F3-42E0-B79E-4E392741E882}.Release|ARM.Build.0 = Release|Any CPU
		{0F2FD704-73F3-42E0-B79E-4E392741E882}.Release|ARM.Deploy.0 = Release|Any CPU
		{0F2FD704-73F3-42E0-B79E-4E392741E882}.Release|iPhone.ActiveCfg = Release|Any CPU
		{0F2FD704-73F3-42E0-B79E-4E392741E882}.Release|iPhone.Build.0 = Release|Any CPU
		{0F2FD704-73F3-42E0-B79E-4E392741E882}.Release|iPhone.Deploy.0 = Release|Any CPU
		{0F2FD704-73F3-42E0-B79E-4E392741E882}.Release|iPhoneSimulator.ActiveCfg = Release|Any CPU
		{0F2FD704-73F3-42E0-B79E-4E392741E882}.Release|iPhoneSimulator.Build.0 = Release|Any CPU
		{0F2FD704-73F3-42E0-B79E-4E392741E882}.Release|iPhoneSimulator.Deploy.0 = Release|Any CPU
		{0F2FD704-73F3-42E0-B79E-4E392741E882}.Release|x64.ActiveCfg = Release|Any CPU
		{0F2FD704-73F3-42E0-B79E-4E392741E882}.Release|x64.Build.0 = Release|Any CPU
		{0F2FD704-73F3-42E0-B79E-4E392741E882}.Release|x64.Deploy.0 = Release|Any CPU
		{0F2FD704-73F3-42E0-B79E-4E392741E882}.Release|x86.ActiveCfg = Release|Any CPU
		{0F2FD704-73F3-42E0-B79E-4E392741E882}.Release|x86.Build.0 = Release|Any CPU
		{0F2FD704-73F3-42E0-B79E-4E392741E882}.Release|x86.Deploy.0 = Release|Any CPU
	EndGlobalSection
	GlobalSection(SolutionProperties) = preSolution
		HideSolutionNode = FALSE
	EndGlobalSection
	GlobalSection(ExtensibilityGlobals) = postSolution
		SolutionGuid = {D9EA2A8C-042E-4799-AE00-A9C4081909B4}
	EndGlobalSection
EndGlobal
